Microsoft Visual Studio Solution File, Format Version 12.00
# Visual Studio Version 17
VisualStudioVersion = 17.8.34330.188
MinimumVisualStudioVersion = 10.0.40219.1
Project("{F184B08F-C81C-45F6-A57F-5ABD9991F28F}") = "PrinterQueueWatch", "PrinterQueueWatch.vbproj", "{2B902455-F952-40FC-833B-1AE0B3C1756D}"
EndProject
Project("{F184B08F-C81C-45F6-A57F-5ABD9991F28F}") = "PrinterQueueWatch.TestApplication", "..\PrinterQueueWatch.TestApplication\PrinterQueueWatch.TestApplication.vbproj", "{3E748534-3319-4BC7-8D51-5D5CAE5941D2}"
EndProject
Project("{F184B08F-C81C-45F6-A57F-5ABD9991F28F}") = "PrintWatchTest", "..\PrintWatchTest\PrintWatchTest.vbproj", "{365C49D6-A9FF-49B0-BCC2-C974F625B931}"
EndProject
Global
	GlobalSection(SolutionConfigurationPlatforms) = preSolution
		Debug|Any CPU = Debug|Any CPU
		Release|Any CPU = Release|Any CPU
	EndGlobalSection
	GlobalSection(ProjectConfigurationPlatforms) = postSolution
		{2B902455-F952-40FC-833B-1AE0B3C1756D}.Debug|Any CPU.ActiveCfg = Debug|x64
		{2B902455-F952-40FC-833B-1AE0B3C1756D}.Debug|Any CPU.Build.0 = Debug|x64
		{2B902455-F952-40FC-833B-1AE0B3C1756D}.Release|Any CPU.ActiveCfg = Release|Any CPU
		{2B902455-F952-40FC-833B-1AE0B3C1756D}.Release|Any CPU.Build.0 = Release|Any CPU
		{3E748534-3319-4BC7-8D51-5D5CAE5941D2}.Debug|Any CPU.ActiveCfg = Debug|x64
		{3E748534-3319-4BC7-8D51-5D5CAE5941D2}.Debug|Any CPU.Build.0 = Debug|x64
		{3E748534-3319-4BC7-8D51-5D5CAE5941D2}.Release|Any CPU.ActiveCfg = Release|Any CPU
		{3E748534-3319-4BC7-8D51-5D5CAE5941D2}.Release|Any CPU.Build.0 = Release|Any CPU
		{365C49D6-A9FF-49B0-BCC2-C974F625B931}.Debug|Any CPU.ActiveCfg = Debug|Any CPU
		{365C49D6-A9FF-49B0-BCC2-C974F625B931}.Debug|Any CPU.Build.0 = Debug|Any CPU
		{365C49D6-A9FF-49B0-BCC2-C974F625B931}.Release|Any CPU.ActiveCfg = Release|Any CPU
		{365C49D6-A9FF-49B0-BCC2-C974F625B931}.Release|Any CPU.Build.0 = Release|Any CPU
	EndGlobalSection
	GlobalSection(SolutionProperties) = preSolution
		HideSolutionNode = FALSE
	EndGlobalSection
EndGlobal
